
Microsoft Visual Studio Solution File, Format Version 10.00
# Visual Studio 2008
Project("{8BC9CEB8-8B4A-11D0-8D11-00A0C91BC942}") = "FrontClientTest", "FrontClientTest\FrontClientTest.vcproj", "{A801851A-5596-45F2-B2CC-9390540E40C0}"
	ProjectSection(ProjectDependencies) = postProject
		{58ADD7F8-81DE-4634-8F0D-B62EA3EB9F10} = {58ADD7F8-81DE-4634-8F0D-B62EA3EB9F10}
	EndProjectSection
EndProject
Project("{8BC9CEB8-8B4A-11D0-8D11-00A0C91BC942}") = "DynamicLib", "DynamicLib\DynamicLib.vcproj", "{58ADD7F8-81DE-4634-8F0D-B62EA3EB9F10}"
	ProjectSection(ProjectDependencies) = postProject
		{0C08D362-9807-4086-9EA6-C71ADE5FDC04} = {0C08D362-9807-4086-9EA6-C71ADE5FDC04}
	EndProjectSection
EndProject
Project("{8BC9CEB8-8B4A-11D0-8D11-00A0C91BC942}") = "FuncLib", "FuncLib\FuncLib.vcproj", "{0C08D362-9807-4086-9EA6-C71ADE5FDC04}"
EndProject
Global
	GlobalSection(SolutionConfigurationPlatforms) = preSolution
		BSY_Debug|Win32 = BSY_Debug|Win32
		BSY_Release|Win32 = BSY_Release|Win32
		Debug|Win32 = Debug|Win32
		DX_Debug|Win32 = DX_Debug|Win32
		DX_Release|Win32 = DX_Release|Win32
		JD_Debug|Win32 = JD_Debug|Win32
		JD_Release|Win32 = JD_Release|Win32
		JY_Debug|Win32 = JY_Debug|Win32
		JY_Release|Win32 = JY_Release|Win32
		QDZG_Debug|Win32 = QDZG_Debug|Win32
		QDZG_Release|Win32 = QDZG_Release|Win32
		Release|Win32 = Release|Win32
		SY_Debug|Win32 = SY_Debug|Win32
		SY_Release|Win32 = SY_Release|Win32
		TD_Debug|Win32 = TD_Debug|Win32
		TD_Release|Win32 = TD_Release|Win32
		TT_Debug|Win32 = TT_Debug|Win32
		TT_Release|Win32 = TT_Release|Win32
		XYYH_Debug|Win32 = XYYH_Debug|Win32
		XYYH_Release|Win32 = XYYH_Release|Win32
		YG_Debug|Win32 = YG_Debug|Win32
		YG_Release|Win32 = YG_Release|Win32
		ZY_Debug|Win32 = ZY_Debug|Win32
		ZY_Release|Win32 = ZY_Release|Win32
	EndGlobalSection
	GlobalSection(ProjectConfigurationPlatforms) = postSolution
		{A801851A-5596-45F2-B2CC-9390540E40C0}.BSY_Debug|Win32.ActiveCfg = Debug|Win32
		{A801851A-5596-45F2-B2CC-9390540E40C0}.BSY_Debug|Win32.Build.0 = Debug|Win32
		{A801851A-5596-45F2-B2CC-9390540E40C0}.BSY_Release|Win32.ActiveCfg = Release|Win32
		{A801851A-5596-45F2-B2CC-9390540E40C0}.BSY_Release|Win32.Build.0 = Release|Win32
		{A801851A-5596-45F2-B2CC-9390540E40C0}.Debug|Win32.ActiveCfg = Debug|Win32
		{A801851A-5596-45F2-B2CC-9390540E40C0}.Debug|Win32.Build.0 = Debug|Win32
		{A801851A-5596-45F2-B2CC-9390540E40C0}.DX_Debug|Win32.ActiveCfg = Debug|Win32
		{A801851A-5596-45F2-B2CC-9390540E40C0}.DX_Debug|Win32.Build.0 = Debug|Win32
		{A801851A-5596-45F2-B2CC-9390540E40C0}.DX_Release|Win32.ActiveCfg = Release|Win32
		{A801851A-5596-45F2-B2CC-9390540E40C0}.DX_Release|Win32.Build.0 = Release|Win32
		{A801851A-5596-45F2-B2CC-9390540E40C0}.JD_Debug|Win32.ActiveCfg = Debug|Win32
		{A801851A-5596-45F2-B2CC-9390540E40C0}.JD_Debug|Win32.Build.0 = Debug|Win32
		{A801851A-5596-45F2-B2CC-9390540E40C0}.JD_Release|Win32.ActiveCfg = Release|Win32
		{A801851A-5596-45F2-B2CC-9390540E40C0}.JD_Release|Win32.Build.0 = Release|Win32
		{A801851A-5596-45F2-B2CC-9390540E40C0}.JY_Debug|Win32.ActiveCfg = Debug|Win32
		{A801851A-5596-45F2-B2CC-9390540E40C0}.JY_Debug|Win32.Build.0 = Debug|Win32
		{A801851A-5596-45F2-B2CC-9390540E40C0}.JY_Release|Win32.ActiveCfg = Release|Win32
		{A801851A-5596-45F2-B2CC-9390540E40C0}.JY_Release|Win32.Build.0 = Release|Win32
		{A801851A-5596-45F2-B2CC-9390540E40C0}.QDZG_Debug|Win32.ActiveCfg = Debug|Win32
		{A801851A-5596-45F2-B2CC-9390540E40C0}.QDZG_Debug|Win32.Build.0 = Debug|Win32
		{A801851A-5596-45F2-B2CC-9390540E40C0}.QDZG_Release|Win32.ActiveCfg = Release|Win32
		{A801851A-5596-45F2-B2CC-9390540E40C0}.QDZG_Release|Win32.Build.0 = Release|Win32
		{A801851A-5596-45F2-B2CC-9390540E40C0}.Release|Win32.ActiveCfg = Release|Win32
		{A801851A-5596-45F2-B2CC-9390540E40C0}.Release|Win32.Build.0 = Release|Win32
		{A801851A-5596-45F2-B2CC-9390540E40C0}.SY_Debug|Win32.ActiveCfg = Debug|Win32
		{A801851A-5596-45F2-B2CC-9390540E40C0}.SY_Debug|Win32.Build.0 = Debug|Win32
		{A801851A-5596-45F2-B2CC-9390540E40C0}.SY_Release|Win32.ActiveCfg = Release|Win32
		{A801851A-5596-45F2-B2CC-9390540E40C0}.SY_Release|Win32.Build.0 = Release|Win32
		{A801851A-5596-45F2-B2CC-9390540E40C0}.TD_Debug|Win32.ActiveCfg = Debug|Win32
		{A801851A-5596-45F2-B2CC-9390540E40C0}.TD_Debug|Win32.Build.0 = Debug|Win32
		{A801851A-5596-45F2-B2CC-9390540E40C0}.TD_Release|Win32.ActiveCfg = Release|Win32
		{A801851A-5596-45F2-B2CC-9390540E40C0}.TD_Release|Win32.Build.0 = Release|Win32
		{A801851A-5596-45F2-B2CC-9390540E40C0}.TT_Debug|Win32.ActiveCfg = Debug|Win32
		{A801851A-5596-45F2-B2CC-9390540E40C0}.TT_Debug|Win32.Build.0 = Debug|Win32
		{A801851A-5596-45F2-B2CC-9390540E40C0}.TT_Release|Win32.ActiveCfg = Release|Win32
		{A801851A-5596-45F2-B2CC-9390540E40C0}.TT_Release|Win32.Build.0 = Release|Win32
		{A801851A-5596-45F2-B2CC-9390540E40C0}.XYYH_Debug|Win32.ActiveCfg = Debug|Win32
		{A801851A-5596-45F2-B2CC-9390540E40C0}.XYYH_Debug|Win32.Build.0 = Debug|Win32
		{A801851A-5596-45F2-B2CC-9390540E40C0}.XYYH_Release|Win32.ActiveCfg = Release|Win32
		{A801851A-5596-45F2-B2CC-9390540E40C0}.XYYH_Release|Win32.Build.0 = Release|Win32
		{A801851A-5596-45F2-B2CC-9390540E40C0}.YG_Debug|Win32.ActiveCfg = Debug|Win32
		{A801851A-5596-45F2-B2CC-9390540E40C0}.YG_Debug|Win32.Build.0 = Debug|Win32
		{A801851A-5596-45F2-B2CC-9390540E40C0}.YG_Release|Win32.ActiveCfg = Release|Win32
		{A801851A-5596-45F2-B2CC-9390540E40C0}.YG_Release|Win32.Build.0 = Release|Win32
		{A801851A-5596-45F2-B2CC-9390540E40C0}.ZY_Debug|Win32.ActiveCfg = Debug|Win32
		{A801851A-5596-45F2-B2CC-9390540E40C0}.ZY_Debug|Win32.Build.0 = Debug|Win32
		{A801851A-5596-45F2-B2CC-9390540E40C0}.ZY_Release|Win32.ActiveCfg = Release|Win32
		{A801851A-5596-45F2-B2CC-9390540E40C0}.ZY_Release|Win32.Build.0 = Release|Win32
		{58ADD7F8-81DE-4634-8F0D-B62EA3EB9F10}.BSY_Debug|Win32.ActiveCfg = Debug|Win32
		{58ADD7F8-81DE-4634-8F0D-B62EA3EB9F10}.BSY_Debug|Win32.Build.0 = Debug|Win32
		{58ADD7F8-81DE-4634-8F0D-B62EA3EB9F10}.BSY_Release|Win32.ActiveCfg = Release|Win32
		{58ADD7F8-81DE-4634-8F0D-B62EA3EB9F10}.BSY_Release|Win32.Build.0 = Release|Win32
		{58ADD7F8-81DE-4634-8F0D-B62EA3EB9F10}.Debug|Win32.ActiveCfg = Debug|Win32
		{58ADD7F8-81DE-4634-8F0D-B62EA3EB9F10}.Debug|Win32.Build.0 = Debug|Win32
		{58ADD7F8-81DE-4634-8F0D-B62EA3EB9F10}.DX_Debug|Win32.ActiveCfg = Debug|Win32
		{58ADD7F8-81DE-4634-8F0D-B62EA3EB9F10}.DX_Debug|Win32.Build.0 = Debug|Win32
		{58ADD7F8-81DE-4634-8F0D-B62EA3EB9F10}.DX_Release|Win32.ActiveCfg = Release|Win32
		{58ADD7F8-81DE-4634-8F0D-B62EA3EB9F10}.DX_Release|Win32.Build.0 = Release|Win32
		{58ADD7F8-81DE-4634-8F0D-B62EA3EB9F10}.JD_Debug|Win32.ActiveCfg = Debug|Win32
		{58ADD7F8-81DE-4634-8F0D-B62EA3EB9F10}.JD_Debug|Win32.Build.0 = Debug|Win32
		{58ADD7F8-81DE-4634-8F0D-B62EA3EB9F10}.JD_Release|Win32.ActiveCfg = Release|Win32
		{58ADD7F8-81DE-4634-8F0D-B62EA3EB9F10}.JD_Release|Win32.Build.0 = Release|Win32
		{58ADD7F8-81DE-4634-8F0D-B62EA3EB9F10}.JY_Debug|Win32.ActiveCfg = Debug|Win32
		{58ADD7F8-81DE-4634-8F0D-B62EA3EB9F10}.JY_Debug|Win32.Build.0 = Debug|Win32
		{58ADD7F8-81DE-4634-8F0D-B62EA3EB9F10}.JY_Release|Win32.ActiveCfg = Release|Win32
		{58ADD7F8-81DE-4634-8F0D-B62EA3EB9F10}.JY_Release|Win32.Build.0 = Release|Win32
		{58ADD7F8-81DE-4634-8F0D-B62EA3EB9F10}.QDZG_Debug|Win32.ActiveCfg = Debug|Win32
		{58ADD7F8-81DE-4634-8F0D-B62EA3EB9F10}.QDZG_Debug|Win32.Build.0 = Debug|Win32
		{58ADD7F8-81DE-4634-8F0D-B62EA3EB9F10}.QDZG_Release|Win32.ActiveCfg = Release|Win32
		{58ADD7F8-81DE-4634-8F0D-B62EA3EB9F10}.QDZG_Release|Win32.Build.0 = Release|Win32
		{58ADD7F8-81DE-4634-8F0D-B62EA3EB9F10}.Release|Win32.ActiveCfg = Release|Win32
		{58ADD7F8-81DE-4634-8F0D-B62EA3EB9F10}.Release|Win32.Build.0 = Release|Win32
		{58ADD7F8-81DE-4634-8F0D-B62EA3EB9F10}.SY_Debug|Win32.ActiveCfg = Debug|Win32
		{58ADD7F8-81DE-4634-8F0D-B62EA3EB9F10}.SY_Debug|Win32.Build.0 = Debug|Win32
		{58ADD7F8-81DE-4634-8F0D-B62EA3EB9F10}.SY_Release|Win32.ActiveCfg = Release|Win32
		{58ADD7F8-81DE-4634-8F0D-B62EA3EB9F10}.SY_Release|Win32.Build.0 = Release|Win32
		{58ADD7F8-81DE-4634-8F0D-B62EA3EB9F10}.TD_Debug|Win32.ActiveCfg = Debug|Win32
		{58ADD7F8-81DE-4634-8F0D-B62EA3EB9F10}.TD_Debug|Win32.Build.0 = Debug|Win32
		{58ADD7F8-81DE-4634-8F0D-B62EA3EB9F10}.TD_Release|Win32.ActiveCfg = Release|Win32
		{58ADD7F8-81DE-4634-8F0D-B62EA3EB9F10}.TD_Release|Win32.Build.0 = Release|Win32
		{58ADD7F8-81DE-4634-8F0D-B62EA3EB9F10}.TT_Debug|Win32.ActiveCfg = Debug|Win32
		{58ADD7F8-81DE-4634-8F0D-B62EA3EB9F10}.TT_Debug|Win32.Build.0 = Debug|Win32
		{58ADD7F8-81DE-4634-8F0D-B62EA3EB9F10}.TT_Release|Win32.ActiveCfg = Release|Win32
		{58ADD7F8-81DE-4634-8F0D-B62EA3EB9F10}.TT_Release|Win32.Build.0 = Release|Win32
		{58ADD7F8-81DE-4634-8F0D-B62EA3EB9F10}.XYYH_Debug|Win32.ActiveCfg = Debug|Win32
		{58ADD7F8-81DE-4634-8F0D-B62EA3EB9F10}.XYYH_Debug|Win32.Build.0 = Debug|Win32
		{58ADD7F8-81DE-4634-8F0D-B62EA3EB9F10}.XYYH_Release|Win32.ActiveCfg = Release|Win32
		{58ADD7F8-81DE-4634-8F0D-B62EA3EB9F10}.XYYH_Release|Win32.Build.0 = Release|Win32
		{58ADD7F8-81DE-4634-8F0D-B62EA3EB9F10}.YG_Debug|Win32.ActiveCfg = Debug|Win32
		{58ADD7F8-81DE-4634-8F0D-B62EA3EB9F10}.YG_Debug|Win32.Build.0 = Debug|Win32
		{58ADD7F8-81DE-4634-8F0D-B62EA3EB9F10}.YG_Release|Win32.ActiveCfg = Release|Win32
		{58ADD7F8-81DE-4634-8F0D-B62EA3EB9F10}.YG_Release|Win32.Build.0 = Release|Win32
		{58ADD7F8-81DE-4634-8F0D-B62EA3EB9F10}.ZY_Debug|Win32.ActiveCfg = Debug|Win32
		{58ADD7F8-81DE-4634-8F0D-B62EA3EB9F10}.ZY_Debug|Win32.Build.0 = Debug|Win32
		{58ADD7F8-81DE-4634-8F0D-B62EA3EB9F10}.ZY_Release|Win32.ActiveCfg = Release|Win32
		{58ADD7F8-81DE-4634-8F0D-B62EA3EB9F10}.ZY_Release|Win32.Build.0 = Release|Win32
		{0C08D362-9807-4086-9EA6-C71ADE5FDC04}.BSY_Debug|Win32.ActiveCfg = Debug|Win32
		{0C08D362-9807-4086-9EA6-C71ADE5FDC04}.BSY_Debug|Win32.Build.0 = Debug|Win32
		{0C08D362-9807-4086-9EA6-C71ADE5FDC04}.BSY_Release|Win32.ActiveCfg = Debug|Win32
		{0C08D362-9807-4086-9EA6-C71ADE5FDC04}.BSY_Release|Win32.Build.0 = Debug|Win32
		{0C08D362-9807-4086-9EA6-C71ADE5FDC04}.Debug|Win32.ActiveCfg = Debug|Win32
		{0C08D362-9807-4086-9EA6-C71ADE5FDC04}.Debug|Win32.Build.0 = Debug|Win32
		{0C08D362-9807-4086-9EA6-C71ADE5FDC04}.DX_Debug|Win32.ActiveCfg = Debug|Win32
		{0C08D362-9807-4086-9EA6-C71ADE5FDC04}.DX_Debug|Win32.Build.0 = Debug|Win32
		{0C08D362-9807-4086-9EA6-C71ADE5FDC04}.DX_Release|Win32.ActiveCfg = Debug|Win32
		{0C08D362-9807-4086-9EA6-C71ADE5FDC04}.DX_Release|Win32.Build.0 = Debug|Win32
		{0C08D362-9807-4086-9EA6-C71ADE5FDC04}.JD_Debug|Win32.ActiveCfg = Debug|Win32
		{0C08D362-9807-4086-9EA6-C71ADE5FDC04}.JD_Debug|Win32.Build.0 = Debug|Win32
		{0C08D362-9807-4086-9EA6-C71ADE5FDC04}.JD_Release|Win32.ActiveCfg = Debug|Win32
		{0C08D362-9807-4086-9EA6-C71ADE5FDC04}.JD_Release|Win32.Build.0 = Debug|Win32
		{0C08D362-9807-4086-9EA6-C71ADE5FDC04}.JY_Debug|Win32.ActiveCfg = Debug|Win32
		{0C08D362-9807-4086-9EA6-C71ADE5FDC04}.JY_Debug|Win32.Build.0 = Debug|Win32
		{0C08D362-9807-4086-9EA6-C71ADE5FDC04}.JY_Release|Win32.ActiveCfg = Debug|Win32
		{0C08D362-9807-4086-9EA6-C71ADE5FDC04}.JY_Release|Win32.Build.0 = Debug|Win32
		{0C08D362-9807-4086-9EA6-C71ADE5FDC04}.QDZG_Debug|Win32.ActiveCfg = Debug|Win32
		{0C08D362-9807-4086-9EA6-C71ADE5FDC04}.QDZG_Debug|Win32.Build.0 = Debug|Win32
		{0C08D362-9807-4086-9EA6-C71ADE5FDC04}.QDZG_Release|Win32.ActiveCfg = Debug|Win32
		{0C08D362-9807-4086-9EA6-C71ADE5FDC04}.QDZG_Release|Win32.Build.0 = Debug|Win32
		{0C08D362-9807-4086-9EA6-C71ADE5FDC04}.Release|Win32.ActiveCfg = Release|Win32
		{0C08D362-9807-4086-9EA6-C71ADE5FDC04}.Release|Win32.Build.0 = Release|Win32
		{0C08D362-9807-4086-9EA6-C71ADE5FDC04}.SY_Debug|Win32.ActiveCfg = Debug|Win32
		{0C08D362-9807-4086-9EA6-C71ADE5FDC04}.SY_Debug|Win32.Build.0 = Debug|Win32
		{0C08D362-9807-4086-9EA6-C71ADE5FDC04}.SY_Release|Win32.ActiveCfg = Debug|Win32
		{0C08D362-9807-4086-9EA6-C71ADE5FDC04}.SY_Release|Win32.Build.0 = Debug|Win32
		{0C08D362-9807-4086-9EA6-C71ADE5FDC04}.TD_Debug|Win32.ActiveCfg = Debug|Win32
		{0C08D362-9807-4086-9EA6-C71ADE5FDC04}.TD_Debug|Win32.Build.0 = Debug|Win32
		{0C08D362-9807-4086-9EA6-C71ADE5FDC04}.TD_Release|Win32.ActiveCfg = Debug|Win32
		{0C08D362-9807-4086-9EA6-C71ADE5FDC04}.TD_Release|Win32.Build.0 = Debug|Win32
		{0C08D362-9807-4086-9EA6-C71ADE5FDC04}.TT_Debug|Win32.ActiveCfg = Debug|Win32
		{0C08D362-9807-4086-9EA6-C71ADE5FDC04}.TT_Debug|Win32.Build.0 = Debug|Win32
		{0C08D362-9807-4086-9EA6-C71ADE5FDC04}.TT_Release|Win32.ActiveCfg = Debug|Win32
		{0C08D362-9807-4086-9EA6-C71ADE5FDC04}.TT_Release|Win32.Build.0 = Debug|Win32
		{0C08D362-9807-4086-9EA6-C71ADE5FDC04}.XYYH_Debug|Win32.ActiveCfg = Debug|Win32
		{0C08D362-9807-4086-9EA6-C71ADE5FDC04}.XYYH_Debug|Win32.Build.0 = Debug|Win32
		{0C08D362-9807-4086-9EA6-C71ADE5FDC04}.XYYH_Release|Win32.ActiveCfg = Debug|Win32
		{0C08D362-9807-4086-9EA6-C71ADE5FDC04}.XYYH_Release|Win32.Build.0 = Debug|Win32
		{0C08D362-9807-4086-9EA6-C71ADE5FDC04}.YG_Debug|Win32.ActiveCfg = Debug|Win32
		{0C08D362-9807-4086-9EA6-C71ADE5FDC04}.YG_Debug|Win32.Build.0 = Debug|Win32
		{0C08D362-9807-4086-9EA6-C71ADE5FDC04}.YG_Release|Win32.ActiveCfg = Release|Win32
		{0C08D362-9807-4086-9EA6-C71ADE5FDC04}.YG_Release|Win32.Build.0 = Release|Win32
		{0C08D362-9807-4086-9EA6-C71ADE5FDC04}.ZY_Debug|Win32.ActiveCfg = Debug|Win32
		{0C08D362-9807-4086-9EA6-C71ADE5FDC04}.ZY_Debug|Win32.Build.0 = Debug|Win32
		{0C08D362-9807-4086-9EA6-C71ADE5FDC04}.ZY_Release|Win32.ActiveCfg = Debug|Win32
		{0C08D362-9807-4086-9EA6-C71ADE5FDC04}.ZY_Release|Win32.Build.0 = Debug|Win32
	EndGlobalSection
	GlobalSection(SolutionProperties) = preSolution
		HideSolutionNode = FALSE
	EndGlobalSection
EndGlobal
